// !$*UTF8*$!
{
	archiveVersion = 1;
	classes = {
	};
	objectVersion = 55;
	objects = {

/* Begin PBXBuildFile section */
		FF1A5E5F27D83C5D007DAB73 /* MyButton.swift in Sources */ = {isa = PBXBuildFile; fileRef = FF1A5E5E27D83C5D007DAB73 /* MyButton.swift */; };
		FF1A5E6127D846B8007DAB73 /* ButtonRow.swift in Sources */ = {isa = PBXBuildFile; fileRef = FF1A5E6027D846B8007DAB73 /* ButtonRow.swift */; };
		FF1A5E6327D847EE007DAB73 /* Buttons.swift in Sources */ = {isa = PBXBuildFile; fileRef = FF1A5E6227D847EE007DAB73 /* Buttons.swift */; };
		FF1A5E6827D84A77007DAB73 /* RowModel.swift in Sources */ = {isa = PBXBuildFile; fileRef = FF1A5E6727D84A77007DAB73 /* RowModel.swift */; };
		FF1A5E6A27D84C2A007DAB73 /* ModelData.swift in Sources */ = {isa = PBXBuildFile; fileRef = FF1A5E6927D84C2A007DAB73 /* ModelData.swift */; };
		FF1A5E6C27D84FB8007DAB73 /* ButtonModel.swift in Sources */ = {isa = PBXBuildFile; fileRef = FF1A5E6B27D84FB8007DAB73 /* ButtonModel.swift */; };
		FFBAA58D27D7005300C00CD1 /* CalcApp.swift in Sources */ = {isa = PBXBuildFile; fileRef = FFBAA58C27D7005300C00CD1 /* CalcApp.swift */; };
		FFBAA58F27D7005300C00CD1 /* ContentView.swift in Sources */ = {isa = PBXBuildFile; fileRef = FFBAA58E27D7005300C00CD1 /* ContentView.swift */; };
		FFBAA59127D7005500C00CD1 /* Assets.xcassets in Resources */ = {isa = PBXBuildFile; fileRef = FFBAA59027D7005500C00CD1 /* Assets.xcassets */; };
		FFBAA59427D7005500C00CD1 /* Preview Assets.xcassets in Resources */ = {isa = PBXBuildFile; fileRef = FFBAA59327D7005500C00CD1 /* Preview Assets.xcassets */; };
		FFD58FAD27D862AA00EBBE8F /* Display.swift in Sources */ = {isa = PBXBuildFile; fileRef = FFD58FAC27D862AA00EBBE8F /* Display.swift */; };
/* End PBXBuildFile section */

/* Begin PBXFileReference section */
		FF1A5E5E27D83C5D007DAB73 /* MyButton.swift */ = {isa = PBXFileReference; lastKnownFileType = sourcecode.swift; path = MyButton.swift; sourceTree = "<group>"; };
		FF1A5E6027D846B8007DAB73 /* ButtonRow.swift */ = {isa = PBXFileReference; lastKnownFileType = sourcecode.swift; path = ButtonRow.swift; sourceTree = "<group>"; };
		FF1A5E6227D847EE007DAB73 /* Buttons.swift */ = {isa = PBXFileReference; lastKnownFileType = sourcecode.swift; path = Buttons.swift; sourceTree = "<group>"; };
		FF1A5E6727D84A77007DAB73 /* RowModel.swift */ = {isa = PBXFileReference; lastKnownFileType = sourcecode.swift; path = RowModel.swift; sourceTree = "<group>"; };
		FF1A5E6927D84C2A007DAB73 /* ModelData.swift */ = {isa = PBXFileReference; lastKnownFileType = sourcecode.swift; path = ModelData.swift; sourceTree = "<group>"; };
		FF1A5E6B27D84FB8007DAB73 /* ButtonModel.swift */ = {isa = PBXFileReference; lastKnownFileType = sourcecode.swift; path = ButtonModel.swift; sourceTree = "<group>"; };
		FFBAA58927D7005300C00CD1 /* Calc.app */ = {isa = PBXFileReference; explicitFileType = wrapper.application; includeInIndex = 0; path = Calc.app; sourceTree = BUILT_PRODUCTS_DIR; };
		FFBAA58C27D7005300C00CD1 /* CalcApp.swift */ = {isa = PBXFileReference; lastKnownFileType = sourcecode.swift; path = CalcApp.swift; sourceTree = "<group>"; };
		FFBAA58E27D7005300C00CD1 /* ContentView.swift */ = {isa = PBXFileReference; lastKnownFileType = sourcecode.swift; path = ContentView.swift; sourceTree = "<group>"; };
		FFBAA59027D7005500C00CD1 /* Assets.xcassets */ = {isa = PBXFileReference; lastKnownFileType = folder.assetcatalog; path = Assets.xcassets; sourceTree = "<group>"; };
		FFBAA59327D7005500C00CD1 /* Preview Assets.xcassets */ = {isa = PBXFileReference; lastKnownFileType = folder.assetcatalog; path = "Preview Assets.xcassets"; sourceTree = "<group>"; };
		FFBAA59527D7005500C00CD1 /* Calc.entitlements */ = {isa = PBXFileReference; lastKnownFileType = text.plist.entitlements; path = Calc.entitlements; sourceTree = "<group>"; };
		FFD58FAC27D862AA00EBBE8F /* Display.swift */ = {isa = PBXFileReference; lastKnownFileType = sourcecode.swift; path = Display.swift; sourceTree = "<group>"; };
/* End PBXFileReference section */

/* Begin PBXFrameworksBuildPhase section */
		FFBAA58627D7005300C00CD1 /* Frameworks */ = {
			isa = PBXFrameworksBuildPhase;
			buildActionMask = 2147483647;
			files = (
			);
			runOnlyForDeploymentPostprocessing = 0;
		};
/* End PBXFrameworksBuildPhase section */

/* Begin PBXGroup section */
		FF1A5E5D27D83C3D007DAB73 /* Views */ = {
			isa = PBXGroup;
			children = (
				FF1A5E5E27D83C5D007DAB73 /* MyButton.swift */,
				FF1A5E6027D846B8007DAB73 /* ButtonRow.swift */,
				FF1A5E6227D847EE007DAB73 /* Buttons.swift */,
				FFD58FAC27D862AA00EBBE8F /* Display.swift */,
			);
			path = Views;
			sourceTree = "<group>";
		};
		FF1A5E6427D84A3C007DAB73 /* Models */ = {
			isa = PBXGroup;
			children = (
				FF1A5E6727D84A77007DAB73 /* RowModel.swift */,
				FF1A5E6927D84C2A007DAB73 /* ModelData.swift */,
				FF1A5E6B27D84FB8007DAB73 /* ButtonModel.swift */,
			);
			path = Models;
			sourceTree = "<group>";
		};
		FFBAA58027D7005300C00CD1 = {
			isa = PBXGroup;
			children = (
				FFBAA58B27D7005300C00CD1 /* Calc */,
				FFBAA58A27D7005300C00CD1 /* Products */,
			);
			sourceTree = "<group>";
		};
		FFBAA58A27D7005300C00CD1 /* Products */ = {
			isa = PBXGroup;
			children = (
				FFBAA58927D7005300C00CD1 /* Calc.app */,
			);
			name = Products;
			sourceTree = "<group>";
		};
		FFBAA58B27D7005300C00CD1 /* Calc */ = {
			isa = PBXGroup;
			children = (
				FF1A5E6427D84A3C007DAB73 /* Models */,
				FF1A5E5D27D83C3D007DAB73 /* Views */,
				FFBAA58C27D7005300C00CD1 /* CalcApp.swift */,
				FFBAA58E27D7005300C00CD1 /* ContentView.swift */,
				FFBAA59027D7005500C00CD1 /* Assets.xcassets */,
				FFBAA59527D7005500C00CD1 /* Calc.entitlements */,
				FFBAA59227D7005500C00CD1 /* Preview Content */,
			);
			path = Calc;
			sourceTree = "<group>";
		};
		FFBAA59227D7005500C00CD1 /* Preview Content */ = {
			isa = PBXGroup;
			children = (
				FFBAA59327D7005500C00CD1 /* Preview Assets.xcassets */,
			);
			path = "Preview Content";
			sourceTree = "<group>";
		};
/* End PBXGroup section */

/* Begin PBXNativeTarget section */
		FFBAA58827D7005300C00CD1 /* Calc */ = {
			isa = PBXNativeTarget;
			buildConfigurationList = FFBAA59827D7005500C00CD1 /* Build configuration list for PBXNativeTarget "Calc" */;
			buildPhases = (
				FFBAA58527D7005300C00CD1 /* Sources */,
				FFBAA58627D7005300C00CD1 /* Frameworks */,
				FFBAA58727D7005300C00CD1 /* Resources */,
			);
			buildRules = (
			);
			dependencies = (
			);
			name = Calc;
			productName = Calc;
			productReference = FFBAA58927D7005300C00CD1 /* Calc.app */;
			productType = "com.apple.product-type.application";
		};
/* End PBXNativeTarget section */

/* Begin PBXProject section */
		FFBAA58127D7005300C00CD1 /* Project object */ = {
			isa = PBXProject;
			attributes = {
				BuildIndependentTargetsInParallel = 1;
				LastSwiftUpdateCheck = 1320;
				LastUpgradeCheck = 1320;
				TargetAttributes = {
					FFBAA58827D7005300C00CD1 = {
						CreatedOnToolsVersion = 13.2.1;
					};
				};
			};
			buildConfigurationList = FFBAA58427D7005300C00CD1 /* Build configuration list for PBXProject "Calc" */;
			compatibilityVersion = "Xcode 13.0";
			developmentRegion = en;
			hasScannedForEncodings = 0;
			knownRegions = (
				en,
				Base,
			);
			mainGroup = FFBAA58027D7005300C00CD1;
			productRefGroup = FFBAA58A27D7005300C00CD1 /* Products */;
			projectDirPath = "";
			projectRoot = "";
			targets = (
				FFBAA58827D7005300C00CD1 /* Calc */,
			);
		};
/* End PBXProject section */

/* Begin PBXResourcesBuildPhase section */
		FFBAA58727D7005300C00CD1 /* Resources */ = {
			isa = PBXResourcesBuildPhase;
			buildActionMask = 2147483647;
			files = (
				FFBAA59427D7005500C00CD1 /* Preview Assets.xcassets in Resources */,
				FFBAA59127D7005500C00CD1 /* Assets.xcassets in Resources */,
			);
			runOnlyForDeploymentPostprocessing = 0;
		};
/* End PBXResourcesBuildPhase section */

/* Begin PBXSourcesBuildPhase section */
		FFBAA58527D7005300C00CD1 /* Sources */ = {
			isa = PBXSourcesBuildPhase;
			buildActionMask = 2147483647;
			files = (
				FF1A5E6327D847EE007DAB73 /* Buttons.swift in Sources */,
				FF1A5E6C27D84FB8007DAB73 /* ButtonModel.swift in Sources */,
				FFBAA58F27D7005300C00CD1 /* ContentView.swift in Sources */,
				FF1A5E6827D84A77007DAB73 /* RowModel.swift in Sources */,
				FFD58FAD27D862AA00EBBE8F /* Display.swift in Sources */,
				FFBAA58D27D7005300C00CD1 /* CalcApp.swift in Sources */,
				FF1A5E6127D846B8007DAB73 /* ButtonRow.swift in Sources */,
				FF1A5E5F27D83C5D007DAB73 /* MyButton.swift in Sources */,
				FF1A5E6A27D84C2A007DAB73 /* ModelData.swift in Sources */,
			);
			runOnlyForDeploymentPostprocessing = 0;
		};
/* End PBXSourcesBuildPhase section */

/* Begin XCBuildConfiguration section */
		FFBAA59627D7005500C00CD1 /* Debug */ = {
			isa = XCBuildConfiguration;
			buildSettings = {
				ALWAYS_SEARCH_USER_PATHS = NO;
				CLANG_ANALYZER_NONNULL = YES;
				CLANG_ANALYZER_NUMBER_OBJECT_CONVERSION = YES_AGGRESSIVE;
				CLANG_CXX_LANGUAGE_STANDARD = "gnu++17";
				CLANG_CXX_LIBRARY = "libc++";
				CLANG_ENABLE_MODULES = YES;
				CLANG_ENABLE_OBJC_ARC = YES;
				CLANG_ENABLE_OBJC_WEAK = YES;
				CLANG_WARN_BLOCK_CAPTURE_AUTORELEASING = YES;
				CLANG_WARN_BOOL_CONVERSION = YES;
				CLANG_WARN_COMMA = YES;
				CLANG_WARN_CONSTANT_CONVERSION = YES;
				CLANG_WARN_DEPRECATED_OBJC_IMPLEMENTATIONS = YES;
				CLANG_WARN_DIRECT_OBJC_ISA_USAGE = YES_ERROR;
				CLANG_WARN_DOCUMENTATION_COMMENTS = YES;
				CLANG_WARN_EMPTY_BODY = YES;
				CLANG_WARN_ENUM_CONVERSION = YES;
				CLANG_WARN_INFINITE_RECURSION = YES;
				CLANG_WARN_INT_CONVERSION = YES;
				CLANG_WARN_NON_LITERAL_NULL_CONVERSION = YES;
				CLANG_WARN_OBJC_IMPLICIT_RETAIN_SELF = YES;
				CLANG_WARN_OBJC_LITERAL_CONVERSION = YES;
				CLANG_WARN_OBJC_ROOT_CLASS = YES_ERROR;
				CLANG_WARN_QUOTED_INCLUDE_IN_FRAMEWORK_HEADER = YES;
				CLANG_WARN_RANGE_LOOP_ANALYSIS = YES;
				CLANG_WARN_STRICT_PROTOTYPES = YES;
				CLANG_WARN_SUSPICIOUS_MOVE = YES;
				CLANG_WARN_UNGUARDED_AVAILABILITY = YES_AGGRESSIVE;
				CLANG_WARN_UNREACHABLE_CODE = YES;
				CLANG_WARN__DUPLICATE_METHOD_MATCH = YES;
				COPY_PHASE_STRIP = NO;
				DEBUG_INFORMATION_FORMAT = dwarf;
				ENABLE_STRICT_OBJC_MSGSEND = YES;
				ENABLE_TESTABILITY = YES;
				GCC_C_LANGUAGE_STANDARD = gnu11;
				GCC_DYNAMIC_NO_PIC = NO;
				GCC_NO_COMMON_BLOCKS = YES;
				GCC_OPTIMIZATION_LEVEL = 0;
				GCC_PREPROCESSOR_DEFINITIONS = (
					"DEBUG=1",
					"$(inherited)",
				);
				GCC_WARN_64_TO_32_BIT_CONVERSION = YES;
				GCC_WARN_ABOUT_RETURN_TYPE = YES_ERROR;
				GCC_WARN_UNDECLARED_SELECTOR = YES;
				GCC_WARN_UNINITIALIZED_AUTOS = YES_AGGRESSIVE;
				GCC_WARN_UNUSED_FUNCTION = YES;
				GCC_WARN_UNUSED_VARIABLE = YES;
				MACOSX_DEPLOYMENT_TARGET = 12.1;
				MTL_ENABLE_DEBUG_INFO = INCLUDE_SOURCE;
				MTL_FAST_MATH = YES;
				ONLY_ACTIVE_ARCH = YES;
				SDKROOT = macosx;
				SWIFT_ACTIVE_COMPILATION_CONDITIONS = DEBUG;
				SWIFT_OPTIMIZATION_LEVEL = "-Onone";
			};
			name = Debug;
		};
		FFBAA59727D7005500C00CD1 /* Release */ = {
			isa = XCBuildConfiguration;
			buildSettings = {
				ALWAYS_SEARCH_USER_PATHS = NO;
				CLANG_ANALYZER_NONNULL = YES;
				CLANG_ANALYZER_NUMBER_OBJECT_CONVERSION = YES_AGGRESSIVE;
				CLANG_CXX_LANGUAGE_STANDARD = "gnu++17";
				CLANG_CXX_LIBRARY = "libc++";
				CLANG_ENABLE_MODULES = YES;
				CLANG_ENABLE_OBJC_ARC = YES;
				CLANG_ENABLE_OBJC_WEAK = YES;
				CLANG_WARN_BLOCK_CAPTURE_AUTORELEASING = YES;
				CLANG_WARN_BOOL_CONVERSION = YES;
				CLANG_WARN_COMMA = YES;
				CLANG_WARN_CONSTANT_CONVERSION = YES;
				CLANG_WARN_DEPRECATED_OBJC_IMPLEMENTATIONS = YES;
				CLANG_WARN_DIRECT_OBJC_ISA_USAGE = YES_ERROR;
				CLANG_WARN_DOCUMENTATION_COMMENTS = YES;
				CLANG_WARN_EMPTY_BODY = YES;
				CLANG_WARN_ENUM_CONVERSION = YES;
				CLANG_WARN_INFINITE_RECURSION = YES;
				CLANG_WARN_INT_CONVERSION = YES;
				CLANG_WARN_NON_LITERAL_NULL_CONVERSION = YES;
				CLANG_WARN_OBJC_IMPLICIT_RETAIN_SELF = YES;
				CLANG_WARN_OBJC_LITERAL_CONVERSION = YES;
				CLANG_WARN_OBJC_ROOT_CLASS = YES_ERROR;
				CLANG_WARN_QUOTED_INCLUDE_IN_FRAMEWORK_HEADER = YES;
				CLANG_WARN_RANGE_LOOP_ANALYSIS = YES;
				CLANG_WARN_STRICT_PROTOTYPES = YES;
				CLANG_WARN_SUSPICIOUS_MOVE = YES;
				CLANG_WARN_UNGUARDED_AVAILABILITY = YES_AGGRESSIVE;
				CLANG_WARN_UNREACHABLE_CODE = YES;
				CLANG_WARN__DUPLICATE_METHOD_MATCH = YES;
				COPY_PHASE_STRIP = NO;
				DEBUG_INFORMATION_FORMAT = "dwarf-with-dsym";
				ENABLE_NS_ASSERTIONS = NO;
				ENABLE_STRICT_OBJC_MSGSEND = YES;
				GCC_C_LANGUAGE_STANDARD = gnu11;
				GCC_NO_COMMON_BLOCKS = YES;
				GCC_WARN_64_TO_32_BIT_CONVERSION = YES;
				GCC_WARN_ABOUT_RETURN_TYPE = YES_ERROR;
				GCC_WARN_UNDECLARED_SELECTOR = YES;
				GCC_WARN_UNINITIALIZED_AUTOS = YES_AGGRESSIVE;
				GCC_WARN_UNUSED_FUNCTION = YES;
				GCC_WARN_UNUSED_VARIABLE = YES;
				MACOSX_DEPLOYMENT_TARGET = 12.1;
				MTL_ENABLE_DEBUG_INFO = NO;
				MTL_FAST_MATH = YES;
				SDKROOT = macosx;
				SWIFT_COMPILATION_MODE = wholemodule;
				SWIFT_OPTIMIZATION_LEVEL = "-O";
			};
			name = Release;
		};
		FFBAA59927D7005500C00CD1 /* Debug */ = {
			isa = XCBuildConfiguration;
			buildSettings = {
				ASSETCATALOG_COMPILER_APPICON_NAME = AppIcon;
				ASSETCATALOG_COMPILER_GLOBAL_ACCENT_COLOR_NAME = AccentColor;
				CODE_SIGN_ENTITLEMENTS = Calc/Calc.entitlements;
				CODE_SIGN_STYLE = Automatic;
				COMBINE_HIDPI_IMAGES = YES;
				CURRENT_PROJECT_VERSION = 1;
				DEVELOPMENT_ASSET_PATHS = "\"Calc/Preview Content\"";
				DEVELOPMENT_TEAM = L227T5HHPC;
				ENABLE_HARDENED_RUNTIME = YES;
				ENABLE_PREVIEWS = YES;
				GENERATE_INFOPLIST_FILE = YES;
				INFOPLIST_KEY_NSHumanReadableCopyright = "";
				LD_RUNPATH_SEARCH_PATHS = (
					"$(inherited)",
					"@executable_path/../Frameworks",
				);
				MARKETING_VERSION = 1.0;
				PRODUCT_BUNDLE_IDENTIFIER = makaveli.Calc;
				PRODUCT_NAME = "$(TARGET_NAME)";
				SWIFT_EMIT_LOC_STRINGS = YES;
				SWIFT_VERSION = 5.0;
			};
			name = Debug;
		};
		FFBAA59A27D7005500C00CD1 /* Release */ = {
			isa = XCBuildConfiguration;
			buildSettings = {
				ASSETCATALOG_COMPILER_APPICON_NAME = AppIcon;
				ASSETCATALOG_COMPILER_GLOBAL_ACCENT_COLOR_NAME = AccentColor;
				CODE_SIGN_ENTITLEMENTS = Calc/Calc.entitlements;
				CODE_SIGN_STYLE = Automatic;
				COMBINE_HIDPI_IMAGES = YES;
				CURRENT_PROJECT_VERSION = 1;
				DEVELOPMENT_ASSET_PATHS = "\"Calc/Preview Content\"";
				DEVELOPMENT_TEAM = L227T5HHPC;
				ENABLE_HARDENED_RUNTIME = YES;
				ENABLE_PREVIEWS = YES;
				GENERATE_INFOPLIST_FILE = YES;
				INFOPLIST_KEY_NSHumanReadableCopyright = "";
				LD_RUNPATH_SEARCH_PATHS = (
					"$(inherited)",
					"@executable_path/../Frameworks",
				);
				MARKETING_VERSION = 1.0;
				PRODUCT_BUNDLE_IDENTIFIER = makaveli.Calc;
				PRODUCT_NAME = "$(TARGET_NAME)";
				SWIFT_EMIT_LOC_STRINGS = YES;
				SWIFT_VERSION = 5.0;
			};
			name = Release;
		};
/* End XCBuildConfiguration section */

/* Begin XCConfigurationList section */
		FFBAA58427D7005300C00CD1 /* Build configuration list for PBXProject "Calc" */ = {
			isa = XCConfigurationList;
			buildConfigurations = (
				FFBAA59627D7005500C00CD1 /* Debug */,
				FFBAA59727D7005500C00CD1 /* Release */,
			);
			defaultConfigurationIsVisible = 0;
			defaultConfigurationName = Release;
		};
		FFBAA59827D7005500C00CD1 /* Build configuration list for PBXNativeTarget "Calc" */ = {
			isa = XCConfigurationList;
			buildConfigurations = (
				FFBAA59927D7005500C00CD1 /* Debug */,
				FFBAA59A27D7005500C00CD1 /* Release */,
			);
			defaultConfigurationIsVisible = 0;
			defaultConfigurationName = Release;
		};
/* End XCConfigurationList section */
	};
	rootObject = FFBAA58127D7005300C00CD1 /* Project object */;
}
